
Microsoft Visual Studio Solution File, Format Version 12.00
# Visual Studio Version 17
VisualStudioVersion = 17.0.31903.59
MinimumVisualStudioVersion = 10.0.40219.1
Project("{9A19103F-16F7-4668-BE54-9A1E7A4F7556}") = "SRGEnt-Build", "SRGEnt-Build\SRGEnt-Build.csproj", "{1A13FB14-09AC-4EE7-821B-A5B8A152B8D8}"
EndProject
Project("{FAE04EC0-301F-11D3-BF4B-00C04F79EFBC}") = "SRGEnt", "SRGEnt\SRGEnt.csproj", "{1A0F5D87-4BFE-49C8-A3FD-0C80DB546C29}"
EndProject
Project("{FAE04EC0-301F-11D3-BF4B-00C04F79EFBC}") = "SRGEnt-Core", "SRGEnt-Core\SRGEnt-Core.csproj", "{7351CD53-2A06-4A87-9855-350F94DC430C}"
EndProject
Project("{FAE04EC0-301F-11D3-BF4B-00C04F79EFBC}") = "SRGEnt-Generator", "SRGEnt-Generator\SRGEnt-Generator.csproj", "{4B749F0E-8C8C-44F5-8407-94511908B8EC}"
EndProject
Project("{FAE04EC0-301F-11D3-BF4B-00C04F79EFBC}") = "SRGEnt-Generator-Tests", "SRGEnt-Generator-Tests\SRGEnt-Generator-Tests.csproj", "{A5733893-87C3-4572-88B3-17A671AA965C}"
EndProject
Project("{FAE04EC0-301F-11D3-BF4B-00C04F79EFBC}") = "SRGEnt-Core-Tests", "SRGEnt-Core-Tests\SRGEnt-Core-Tests.csproj", "{89D58181-634E-4385-8CBB-C2F0EA365749}"
EndProject
Project("{FAE04EC0-301F-11D3-BF4B-00C04F79EFBC}") = "SRGEnt-Generator-Unity", "SRGEnt-Generator-Unity\SRGEnt-Generator-Unity.csproj", "{FBCD87F0-4B32-4E75-B84D-4301635513E1}"
EndProject
Global
	GlobalSection(SolutionConfigurationPlatforms) = preSolution
		Debug|Any CPU = Debug|Any CPU
		Release|Any CPU = Release|Any CPU
	EndGlobalSection
	GlobalSection(ProjectConfigurationPlatforms) = postSolution
		{1A13FB14-09AC-4EE7-821B-A5B8A152B8D8}.Debug|Any CPU.ActiveCfg = Debug|Any CPU
		{1A13FB14-09AC-4EE7-821B-A5B8A152B8D8}.Release|Any CPU.ActiveCfg = Release|Any CPU
		{1A0F5D87-4BFE-49C8-A3FD-0C80DB546C29}.Debug|Any CPU.ActiveCfg = Debug|Any CPU
		{1A0F5D87-4BFE-49C8-A3FD-0C80DB546C29}.Debug|Any CPU.Build.0 = Debug|Any CPU
		{1A0F5D87-4BFE-49C8-A3FD-0C80DB546C29}.Release|Any CPU.ActiveCfg = Release|Any CPU
		{1A0F5D87-4BFE-49C8-A3FD-0C80DB546C29}.Release|Any CPU.Build.0 = Release|Any CPU
		{7351CD53-2A06-4A87-9855-350F94DC430C}.Debug|Any CPU.ActiveCfg = Debug|Any CPU
		{7351CD53-2A06-4A87-9855-350F94DC430C}.Debug|Any CPU.Build.0 = Debug|Any CPU
		{7351CD53-2A06-4A87-9855-350F94DC430C}.Release|Any CPU.ActiveCfg = Release|Any CPU
		{7351CD53-2A06-4A87-9855-350F94DC430C}.Release|Any CPU.Build.0 = Release|Any CPU
		{4B749F0E-8C8C-44F5-8407-94511908B8EC}.Debug|Any CPU.ActiveCfg = Debug|Any CPU
		{4B749F0E-8C8C-44F5-8407-94511908B8EC}.Debug|Any CPU.Build.0 = Debug|Any CPU
		{4B749F0E-8C8C-44F5-8407-94511908B8EC}.Release|Any CPU.ActiveCfg = Release|Any CPU
		{4B749F0E-8C8C-44F5-8407-94511908B8EC}.Release|Any CPU.Build.0 = Release|Any CPU
		{A5733893-87C3-4572-88B3-17A671AA965C}.Debug|Any CPU.ActiveCfg = Debug|Any CPU
		{A5733893-87C3-4572-88B3-17A671AA965C}.Debug|Any CPU.Build.0 = Debug|Any CPU
		{A5733893-87C3-4572-88B3-17A671AA965C}.Release|Any CPU.ActiveCfg = Release|Any CPU
		{A5733893-87C3-4572-88B3-17A671AA965C}.Release|Any CPU.Build.0 = Release|Any CPU
		{89D58181-634E-4385-8CBB-C2F0EA365749}.Debug|Any CPU.ActiveCfg = Debug|Any CPU
		{89D58181-634E-4385-8CBB-C2F0EA365749}.Debug|Any CPU.Build.0 = Debug|Any CPU
		{89D58181-634E-4385-8CBB-C2F0EA365749}.Release|Any CPU.ActiveCfg = Release|Any CPU
		{89D58181-634E-4385-8CBB-C2F0EA365749}.Release|Any CPU.Build.0 = Release|Any CPU
		{FBCD87F0-4B32-4E75-B84D-4301635513E1}.Debug|Any CPU.ActiveCfg = Debug|Any CPU
		{FBCD87F0-4B32-4E75-B84D-4301635513E1}.Debug|Any CPU.Build.0 = Debug|Any CPU
		{FBCD87F0-4B32-4E75-B84D-4301635513E1}.Release|Any CPU.ActiveCfg = Release|Any CPU
		{FBCD87F0-4B32-4E75-B84D-4301635513E1}.Release|Any CPU.Build.0 = Release|Any CPU
	EndGlobalSection
	GlobalSection(SolutionProperties) = preSolution
		HideSolutionNode = FALSE
	EndGlobalSection
EndGlobal
